
Microsoft Visual Studio Solution File, Format Version 12.00
# Visual Studio Version 17
VisualStudioVersion = 17.11.35327.3
MinimumVisualStudioVersion = 10.0.40219.1
Project("{FAE04EC0-301F-11D3-BF4B-00C04F79EFBC}") = "Municipal services app", "Municipal services app\Municipal services app.csproj", "{ECDBDFFE-AA10-44BE-A31A-FECF8A0DC4A8}"
EndProject
Global
	GlobalSection(SolutionConfigurationPlatforms) = preSolution
		Debug|Any CPU = Debug|Any CPU
		Release|Any CPU = Release|Any CPU
	EndGlobalSection
	GlobalSection(ProjectConfigurationPlatforms) = postSolution
		{ECDBDFFE-AA10-44BE-A31A-FECF8A0DC4A8}.Debug|Any CPU.ActiveCfg = Debug|Any CPU
		{ECDBDFFE-AA10-44BE-A31A-FECF8A0DC4A8}.Debug|Any CPU.Build.0 = Debug|Any CPU
		{ECDBDFFE-AA10-44BE-A31A-FECF8A0DC4A8}.Release|Any CPU.ActiveCfg = Release|Any CPU
		{ECDBDFFE-AA10-44BE-A31A-FECF8A0DC4A8}.Release|Any CPU.Build.0 = Release|Any CPU
	EndGlobalSection
	GlobalSection(SolutionProperties) = preSolution
		HideSolutionNode = FALSE
	EndGlobalSection
	GlobalSection(ExtensibilityGlobals) = postSolution
		SolutionGuid = {31D90330-F5AF-433C-B1AA-A190B20418FB}
	EndGlobalSection
EndGlobal
